# This file is automatically @generated by Poetry 1.6.1 and should not be changed by hand.

[[package]]
name = "immutabledict"
version = "2.2.5"
description = "Immutable wrapper around dictionaries (a fork of frozendict)"
optional = false
python-versions = ">=3.7,<4.0"
files = [
    {file = "immutabledict-2.2.5-py3-none-any.whl", hash = "sha256:663ccf24212dfa3a14eb4302454b8141c4f80f28bf47b2c7ee1f2cfad736bed6"},
    {file = "immutabledict-2.2.5.tar.gz", hash = "sha256:1ce423cf7861ba84eaa7c2eca482e46854eac07765ef4873b640eb67eea8b203"},
]

[[package]]
name = "pip"
version = "23.2.1"
description = "The PyPA recommended tool for installing Python packages."
optional = false
python-versions = ">=3.7"
files = [
    {file = "pip-23.2.1-py3-none-any.whl", hash = "sha256:7ccf472345f20d35bdc9d1841ff5f313260c2c33fe417f48c30ac46cccabf5be"},
    {file = "pip-23.2.1.tar.gz", hash = "sha256:fb0bd5435b3200c602b5bf61d2d43c2f13c02e29c1707567ae7fbc514eb9faf2"},
]

[[package]]
name = "typing-extensions"
version = "4.7.1"
description = "Backported and Experimental Type Hints for Python 3.7+"
optional = false
python-versions = ">=3.7"
files = [
    {file = "typing_extensions-4.7.1-py3-none-any.whl", hash = "sha256:440d5dd3af93b060174bf433bccd69b0babc3b15b1a8dca43789fd7f61514b36"},
    {file = "typing_extensions-4.7.1.tar.gz", hash = "sha256:b75ddc264f0ba5615db7ba217daeb99701ad295353c45f9e95963337ceeeffb2"},
]

[[package]]
name = "xdsl"
version = "0.14.0"
description = "xDSL"
optional = false
python-versions = "*"
files = [
    {file = "xdsl-0.14.0-py3-none-any.whl", hash = "sha256:a18a961d6504c0b7ba28305793b5d07877548d80c6fcb76ce591ae67154d3bd2"},
    {file = "xdsl-0.14.0.tar.gz", hash = "sha256:78ef81f865f759de2085e5603fcab443f982f867beba6343b9a2749f13f37759"},
]

[package.dependencies]
immutabledict = "<3.0.1"
pip = "<24.0"
typing-extensions = ">=4.7,<5"

[package.extras]
extras = ["asv (<0.6)", "black[jupyter]", "coverage (<8.0.0)", "filecheck (<0.0.24)", "ipykernel", "isort (==5.12.0)", "lit (<17.0.0)", "nbconvert (>=7.7.2,<8.0.0)", "nbval (<0.11)", "pre-commit (==3.3.3)", "pyright (==1.1.322)", "pytest (<8.0)", "pytest-cov", "riscemu (==2.1.1)", "ruff (==0.0.284)", "toml (<0.11)", "wgpu (==0.9.4)"]

[metadata]
lock-version = "2.0"
python-versions = "^3.10"
content-hash = "c62d19eb2afaa7bbde78ea96e8db4b6980f7721a294f64c004af8d109022b987"
