# This file is automatically @generated by Poetry 1.6.1 and should not be changed by hand.

[[package]]
name = "immutabledict"
version = "2.2.5"
description = "Immutable wrapper around dictionaries (a fork of frozendict)"
optional = false
python-versions = ">=3.7,<4.0"
files = [
    {file = "immutabledict-2.2.5-py3-none-any.whl", hash = "sha256:663ccf24212dfa3a14eb4302454b8141c4f80f28bf47b2c7ee1f2cfad736bed6"},
    {file = "immutabledict-2.2.5.tar.gz", hash = "sha256:1ce423cf7861ba84eaa7c2eca482e46854eac07765ef4873b640eb67eea8b203"},
]

[[package]]
name = "nodeenv"
version = "1.8.0"
description = "Node.js virtual environment builder"
optional = false
python-versions = ">=2.7,!=3.0.*,!=3.1.*,!=3.2.*,!=3.3.*,!=3.4.*,!=3.5.*,!=3.6.*"
files = [
    {file = "nodeenv-1.8.0-py2.py3-none-any.whl", hash = "sha256:df865724bb3c3adc86b3876fa209771517b0cfe596beff01a92700e0e8be4cec"},
    {file = "nodeenv-1.8.0.tar.gz", hash = "sha256:d51e0c37e64fbf47d017feac3145cdbb58836d7eee8c6f6d3b6880c5456227d2"},
]

[package.dependencies]
setuptools = "*"

[[package]]
name = "pip"
version = "23.2.1"
description = "The PyPA recommended tool for installing Python packages."
optional = false
python-versions = ">=3.7"
files = [
    {file = "pip-23.2.1-py3-none-any.whl", hash = "sha256:7ccf472345f20d35bdc9d1841ff5f313260c2c33fe417f48c30ac46cccabf5be"},
    {file = "pip-23.2.1.tar.gz", hash = "sha256:fb0bd5435b3200c602b5bf61d2d43c2f13c02e29c1707567ae7fbc514eb9faf2"},
]

[[package]]
name = "pyright"
version = "1.1.325"
description = "Command line wrapper for pyright"
optional = false
python-versions = ">=3.7"
files = [
    {file = "pyright-1.1.325-py3-none-any.whl", hash = "sha256:8f3ab88ba4843f053ab5b5c886d676161aba6f446776bfb57cc0434ed4d88672"},
    {file = "pyright-1.1.325.tar.gz", hash = "sha256:879a3f66944ffd59d3facd54872fed814830fed64daf3e8eb71b146ddd83bb67"},
]

[package.dependencies]
nodeenv = ">=1.6.0"

[package.extras]
all = ["twine (>=3.4.1)"]
dev = ["twine (>=3.4.1)"]

[[package]]
name = "setuptools"
version = "68.1.2"
description = "Easily download, build, install, upgrade, and uninstall Python packages"
optional = false
python-versions = ">=3.8"
files = [
    {file = "setuptools-68.1.2-py3-none-any.whl", hash = "sha256:3d8083eed2d13afc9426f227b24fd1659489ec107c0e86cec2ffdde5c92e790b"},
    {file = "setuptools-68.1.2.tar.gz", hash = "sha256:3d4dfa6d95f1b101d695a6160a7626e15583af71a5f52176efa5d39a054d475d"},
]

[package.extras]
docs = ["furo", "jaraco.packaging (>=9.3)", "jaraco.tidelift (>=1.4)", "pygments-github-lexers (==0.0.5)", "rst.linker (>=1.9)", "sphinx (>=3.5,<=7.1.2)", "sphinx-favicon", "sphinx-hoverxref (<2)", "sphinx-inline-tabs", "sphinx-lint", "sphinx-notfound-page (==0.8.3)", "sphinx-reredirects", "sphinxcontrib-towncrier"]
testing = ["build[virtualenv]", "filelock (>=3.4.0)", "flake8-2020", "ini2toml[lite] (>=0.9)", "jaraco.develop (>=7.21)", "jaraco.envs (>=2.2)", "jaraco.path (>=3.2.0)", "pip (>=19.1)", "pytest (>=6)", "pytest-black (>=0.3.7)", "pytest-checkdocs (>=2.4)", "pytest-cov", "pytest-enabler (>=2.2)", "pytest-mypy (>=0.9.1)", "pytest-perf", "pytest-ruff", "pytest-timeout", "pytest-xdist", "tomli-w (>=1.0.0)", "virtualenv (>=13.0.0)", "wheel"]
testing-integration = ["build[virtualenv]", "filelock (>=3.4.0)", "jaraco.envs (>=2.2)", "jaraco.path (>=3.2.0)", "pytest", "pytest-enabler", "pytest-xdist", "tomli", "virtualenv (>=13.0.0)", "wheel"]

[[package]]
name = "typing-extensions"
version = "4.7.1"
description = "Backported and Experimental Type Hints for Python 3.7+"
optional = false
python-versions = ">=3.7"
files = [
    {file = "typing_extensions-4.7.1-py3-none-any.whl", hash = "sha256:440d5dd3af93b060174bf433bccd69b0babc3b15b1a8dca43789fd7f61514b36"},
    {file = "typing_extensions-4.7.1.tar.gz", hash = "sha256:b75ddc264f0ba5615db7ba217daeb99701ad295353c45f9e95963337ceeeffb2"},
]

[[package]]
name = "xdsl"
version = "0.14.0"
description = "xDSL"
optional = false
python-versions = "*"
files = [
    {file = "xdsl-0.14.0-py3-none-any.whl", hash = "sha256:a18a961d6504c0b7ba28305793b5d07877548d80c6fcb76ce591ae67154d3bd2"},
    {file = "xdsl-0.14.0.tar.gz", hash = "sha256:78ef81f865f759de2085e5603fcab443f982f867beba6343b9a2749f13f37759"},
]

[package.dependencies]
immutabledict = "<3.0.1"
pip = "<24.0"
typing-extensions = ">=4.7,<5"

[package.extras]
extras = ["asv (<0.6)", "black[jupyter]", "coverage (<8.0.0)", "filecheck (<0.0.24)", "ipykernel", "isort (==5.12.0)", "lit (<17.0.0)", "nbconvert (>=7.7.2,<8.0.0)", "nbval (<0.11)", "pre-commit (==3.3.3)", "pyright (==1.1.322)", "pytest (<8.0)", "pytest-cov", "riscemu (==2.1.1)", "ruff (==0.0.284)", "toml (<0.11)", "wgpu (==0.9.4)"]

[metadata]
lock-version = "2.0"
python-versions = "^3.10"
content-hash = "eff77dbcedb52518a737fcc142527b160d2e8e13946c46f7402c6dfa4b8a2d0e"
